
Microsoft Visual Studio Solution File, Format Version 12.00
# Visual Studio Version 17
VisualStudioVersion = 17.5.33414.496
MinimumVisualStudioVersion = 10.0.40219.1
Project("{9A19103F-16F7-4668-BE54-9A1E7A4F7556}") = "DynamicPrograming", "DynamicPrograming\DynamicPrograming.csproj", "{F714CFF1-DD54-41D1-8180-2A8FE2317F6C}"
EndProject
Project("{FAE04EC0-301F-11D3-BF4B-00C04F79EFBC}") = "TestCalculateMaxSumOfSequence", "TestCalculateMaxSumOfSequence\TestCalculateMaxSumOfSequence.csproj", "{9290A192-1371-475B-8856-33A3D33487D4}"
EndProject
Global
	GlobalSection(SolutionConfigurationPlatforms) = preSolution
		Debug|Any CPU = Debug|Any CPU
		Release|Any CPU = Release|Any CPU
	EndGlobalSection
	GlobalSection(ProjectConfigurationPlatforms) = postSolution
		{F714CFF1-DD54-41D1-8180-2A8FE2317F6C}.Debug|Any CPU.ActiveCfg = Debug|Any CPU
		{F714CFF1-DD54-41D1-8180-2A8FE2317F6C}.Debug|Any CPU.Build.0 = Debug|Any CPU
		{F714CFF1-DD54-41D1-8180-2A8FE2317F6C}.Release|Any CPU.ActiveCfg = Release|Any CPU
		{F714CFF1-DD54-41D1-8180-2A8FE2317F6C}.Release|Any CPU.Build.0 = Release|Any CPU
		{9290A192-1371-475B-8856-33A3D33487D4}.Debug|Any CPU.ActiveCfg = Debug|Any CPU
		{9290A192-1371-475B-8856-33A3D33487D4}.Debug|Any CPU.Build.0 = Debug|Any CPU
		{9290A192-1371-475B-8856-33A3D33487D4}.Release|Any CPU.ActiveCfg = Release|Any CPU
		{9290A192-1371-475B-8856-33A3D33487D4}.Release|Any CPU.Build.0 = Release|Any CPU
	EndGlobalSection
	GlobalSection(SolutionProperties) = preSolution
		HideSolutionNode = FALSE
	EndGlobalSection
	GlobalSection(ExtensibilityGlobals) = postSolution
		SolutionGuid = {10D657EA-7245-47B0-8A06-15B266576559}
	EndGlobalSection
EndGlobal
